
Microsoft Visual Studio Solution File, Format Version 12.00
# Visual Studio Version 16
VisualStudioVersion = 16.0.30309.148
MinimumVisualStudioVersion = 10.0.40219.1
Project("{2150E333-8FDC-42A3-9474-1A3956D46DE8}") = "Tests", "Tests", "{4C582D9E-75FA-4941-8FAC-580FA4BDF160}"
EndProject
Project("{FAE04EC0-301F-11D3-BF4B-00C04F79EFBC}") = "ReadersHub.Test", "ReadersHub.Test\ReadersHub.Test.csproj", "{69D7E99E-988E-4D8A-80D0-4C127AB25716}"
EndProject
Project("{2150E333-8FDC-42A3-9474-1A3956D46DE8}") = "Applications", "Applications", "{1F39FB89-912C-446B-8C2A-B516B0B29245}"
EndProject
Project("{2150E333-8FDC-42A3-9474-1A3956D46DE8}") = "Business", "Business", "{8ABE9BB7-882E-4F5E-9834-1A34E24E9957}"
EndProject
Project("{2150E333-8FDC-42A3-9474-1A3956D46DE8}") = "Common", "Common", "{01298837-3111-4CF8-A6E2-A256DE9013B1}"
EndProject
Project("{FAE04EC0-301F-11D3-BF4B-00C04F79EFBC}") = "ReadersHub.Business.Service", "ReadersHub.Business.Service\ReadersHub.Business.Service.csproj", "{3A99EB3B-43B8-46B3-8D52-08BF1B48FC57}"
EndProject
Project("{FAE04EC0-301F-11D3-BF4B-00C04F79EFBC}") = "ReadersHub.Business.Repository", "ReadersHub.Business.Repository\ReadersHub.Business.Repository.csproj", "{F894EBDD-1CF7-4295-9F80-FA3825B2379C}"
EndProject
Project("{FAE04EC0-301F-11D3-BF4B-00C04F79EFBC}") = "ReadersHub.Common", "ReadersHub.Common\ReadersHub.Common.csproj", "{D03B9590-FFA7-4221-BFE1-8E7D8E52B71D}"
EndProject
Project("{FAE04EC0-301F-11D3-BF4B-00C04F79EFBC}") = "ReadersHub.Common.Dto", "ReadersHub.Common.Dto\ReadersHub.Common.Dto.csproj", "{8A988BBB-18F6-4C9E-AC8B-D91D1EEF8D52}"
EndProject
Project("{FAE04EC0-301F-11D3-BF4B-00C04F79EFBC}") = "ReadersHub.NotificationService", "ReadersHub.NotificationService\ReadersHub.NotificationService.csproj", "{8FD7292B-EA42-48CB-B014-CEEA92FB3106}"
EndProject
Project("{2150E333-8FDC-42A3-9474-1A3956D46DE8}") = "AmazonWebService", "AmazonWebService", "{529A3D92-C067-458B-9E75-76BCE3B0E3B1}"
EndProject
Project("{FAE04EC0-301F-11D3-BF4B-00C04F79EFBC}") = "MarketplaceWebService", "MarketplaceWebService\MarketplaceWebService.csproj", "{E317E36D-3531-490C-A554-BE6900AF12FE}"
EndProject
Project("{2150E333-8FDC-42A3-9474-1A3956D46DE8}") = "Model", "Model", "{3723BBEB-C1A1-467C-B715-6A82FDB33EF3}"
EndProject
Project("{FAE04EC0-301F-11D3-BF4B-00C04F79EFBC}") = "ReadersHub.Model", "ReadersHub.Model\ReadersHub.Model.csproj", "{3B776640-8E30-4F26-80A1-A223325F921B}"
EndProject
Project("{FAE04EC0-301F-11D3-BF4B-00C04F79EFBC}") = "Service.Pattern", "Service.Pattern\Service.Pattern.csproj", "{74F05784-ED50-46C3-A8C2-F23D56A36D76}"
EndProject
Project("{FAE04EC0-301F-11D3-BF4B-00C04F79EFBC}") = "Repository.Pattern", "Repository.Pattern\Repository.Pattern.csproj", "{164CD553-7D7B-4313-BE6D-0A18B81320E6}"
EndProject
Project("{FAE04EC0-301F-11D3-BF4B-00C04F79EFBC}") = "ReadersHub.FeedSubmitService", "ReadersHub.FeedSubmitService\ReadersHub.FeedSubmitService.csproj", "{83612417-2349-4D2F-B918-BE1C4BA46811}"
EndProject
Project("{2150E333-8FDC-42A3-9474-1A3956D46DE8}") = "Db", "Db", "{2549CE74-28C7-4F56-8DA3-C86B43C7F959}"
EndProject
Project("{00D1A9C2-B5F0-4AF3-8072-F6C62B433612}") = "ReadersHub.Db", "ReadersHub.Db\ReadersHub.Db.sqlproj", "{B62831F0-1CD0-492E-88FC-69A1A1CB6E75}"
EndProject
Project("{FAE04EC0-301F-11D3-BF4B-00C04F79EFBC}") = "ReadersHub.PriceUpdateServiceUK", "ReadersHub.PriceUpdateServiceUK\ReadersHub.PriceUpdateServiceUK.csproj", "{FF006419-DEAA-42C1-91BE-12E851337D37}"
EndProject
Project("{FAE04EC0-301F-11D3-BF4B-00C04F79EFBC}") = "ReadersHub.WebApplication", "ReadersHub.WebApplication\ReadersHub.WebApplication.csproj", "{0D00DE24-311E-441A-87D2-BE86FA53FA99}"
EndProject
Project("{FAE04EC0-301F-11D3-BF4B-00C04F79EFBC}") = "ReadersHub.EndOfDayService", "ReadersHub.EndOfDayService\ReadersHub.EndOfDayService.csproj", "{7259200E-13F4-4273-9D0D-5C79ECFEB945}"
EndProject
Project("{FAE04EC0-301F-11D3-BF4B-00C04F79EFBC}") = "ReadersHub.Mailing", "ReadersHub.Mailing\ReadersHub.Mailing.csproj", "{9EC5E6AC-4D15-41CB-8820-3D9F089B8D34}"
EndProject
Project("{FAE04EC0-301F-11D3-BF4B-00C04F79EFBC}") = "ReadersHub.MongoDB", "ReadersHub.MongoDB\ReadersHub.MongoDB.csproj", "{16768581-5D6D-4055-BD85-3FCA35861BA0}"
EndProject
Project("{FAE04EC0-301F-11D3-BF4B-00C04F79EFBC}") = "ReadersHub.ProductAnalyzer", "ReadersHub.ProductAnalyzer\ReadersHub.ProductAnalyzer.csproj", "{BCFEF7D0-C5F4-436C-BCB2-FFEB432F3C23}"
EndProject
Project("{FAE04EC0-301F-11D3-BF4B-00C04F79EFBC}") = "ReadersHub.SearchProduct", "ReadersHub.SearchProduct\ReadersHub.SearchProduct.csproj", "{46058408-C4F7-4DC3-82E0-6CB56E3F5850}"
EndProject
Project("{FAE04EC0-301F-11D3-BF4B-00C04F79EFBC}") = "ReadersHub.OrderManagement", "ReadersHub.OrderManagement\ReadersHub.OrderManagement.csproj", "{708C3B3B-7148-4FFD-88B9-223DEBED40BF}"
EndProject
Global
	GlobalSection(SolutionConfigurationPlatforms) = preSolution
		Debug|Any CPU = Debug|Any CPU
		GIFT|Any CPU = GIFT|Any CPU
		TOFFEE|Any CPU = TOFFEE|Any CPU
	EndGlobalSection
	GlobalSection(ProjectConfigurationPlatforms) = postSolution
		{69D7E99E-988E-4D8A-80D0-4C127AB25716}.Debug|Any CPU.ActiveCfg = Debug|Any CPU
		{69D7E99E-988E-4D8A-80D0-4C127AB25716}.Debug|Any CPU.Build.0 = Debug|Any CPU
		{69D7E99E-988E-4D8A-80D0-4C127AB25716}.GIFT|Any CPU.ActiveCfg = GIFT|Any CPU
		{69D7E99E-988E-4D8A-80D0-4C127AB25716}.GIFT|Any CPU.Build.0 = GIFT|Any CPU
		{69D7E99E-988E-4D8A-80D0-4C127AB25716}.TOFFEE|Any CPU.ActiveCfg = TOFFEE|Any CPU
		{69D7E99E-988E-4D8A-80D0-4C127AB25716}.TOFFEE|Any CPU.Build.0 = TOFFEE|Any CPU
		{3A99EB3B-43B8-46B3-8D52-08BF1B48FC57}.Debug|Any CPU.ActiveCfg = Debug|Any CPU
		{3A99EB3B-43B8-46B3-8D52-08BF1B48FC57}.Debug|Any CPU.Build.0 = Debug|Any CPU
		{3A99EB3B-43B8-46B3-8D52-08BF1B48FC57}.GIFT|Any CPU.ActiveCfg = GIFT|Any CPU
		{3A99EB3B-43B8-46B3-8D52-08BF1B48FC57}.GIFT|Any CPU.Build.0 = GIFT|Any CPU
		{3A99EB3B-43B8-46B3-8D52-08BF1B48FC57}.TOFFEE|Any CPU.ActiveCfg = TOFFEE|Any CPU
		{3A99EB3B-43B8-46B3-8D52-08BF1B48FC57}.TOFFEE|Any CPU.Build.0 = TOFFEE|Any CPU
		{F894EBDD-1CF7-4295-9F80-FA3825B2379C}.Debug|Any CPU.ActiveCfg = Debug|Any CPU
		{F894EBDD-1CF7-4295-9F80-FA3825B2379C}.Debug|Any CPU.Build.0 = Debug|Any CPU
		{F894EBDD-1CF7-4295-9F80-FA3825B2379C}.GIFT|Any CPU.ActiveCfg = GIFT|Any CPU
		{F894EBDD-1CF7-4295-9F80-FA3825B2379C}.GIFT|Any CPU.Build.0 = GIFT|Any CPU
		{F894EBDD-1CF7-4295-9F80-FA3825B2379C}.TOFFEE|Any CPU.ActiveCfg = TOFFEE|Any CPU
		{F894EBDD-1CF7-4295-9F80-FA3825B2379C}.TOFFEE|Any CPU.Build.0 = TOFFEE|Any CPU
		{D03B9590-FFA7-4221-BFE1-8E7D8E52B71D}.Debug|Any CPU.ActiveCfg = Debug|Any CPU
		{D03B9590-FFA7-4221-BFE1-8E7D8E52B71D}.Debug|Any CPU.Build.0 = Debug|Any CPU
		{D03B9590-FFA7-4221-BFE1-8E7D8E52B71D}.GIFT|Any CPU.ActiveCfg = GIFT|Any CPU
		{D03B9590-FFA7-4221-BFE1-8E7D8E52B71D}.GIFT|Any CPU.Build.0 = GIFT|Any CPU
		{D03B9590-FFA7-4221-BFE1-8E7D8E52B71D}.TOFFEE|Any CPU.ActiveCfg = TOFFEE|Any CPU
		{D03B9590-FFA7-4221-BFE1-8E7D8E52B71D}.TOFFEE|Any CPU.Build.0 = TOFFEE|Any CPU
		{8A988BBB-18F6-4C9E-AC8B-D91D1EEF8D52}.Debug|Any CPU.ActiveCfg = Debug|Any CPU
		{8A988BBB-18F6-4C9E-AC8B-D91D1EEF8D52}.Debug|Any CPU.Build.0 = Debug|Any CPU
		{8A988BBB-18F6-4C9E-AC8B-D91D1EEF8D52}.GIFT|Any CPU.ActiveCfg = GIFT|Any CPU
		{8A988BBB-18F6-4C9E-AC8B-D91D1EEF8D52}.GIFT|Any CPU.Build.0 = GIFT|Any CPU
		{8A988BBB-18F6-4C9E-AC8B-D91D1EEF8D52}.TOFFEE|Any CPU.ActiveCfg = TOFFEE|Any CPU
		{8A988BBB-18F6-4C9E-AC8B-D91D1EEF8D52}.TOFFEE|Any CPU.Build.0 = TOFFEE|Any CPU
		{8FD7292B-EA42-48CB-B014-CEEA92FB3106}.Debug|Any CPU.ActiveCfg = Debug|Any CPU
		{8FD7292B-EA42-48CB-B014-CEEA92FB3106}.Debug|Any CPU.Build.0 = Debug|Any CPU
		{8FD7292B-EA42-48CB-B014-CEEA92FB3106}.GIFT|Any CPU.ActiveCfg = GIFT|Any CPU
		{8FD7292B-EA42-48CB-B014-CEEA92FB3106}.GIFT|Any CPU.Build.0 = GIFT|Any CPU
		{8FD7292B-EA42-48CB-B014-CEEA92FB3106}.TOFFEE|Any CPU.ActiveCfg = TOFFEE|Any CPU
		{8FD7292B-EA42-48CB-B014-CEEA92FB3106}.TOFFEE|Any CPU.Build.0 = TOFFEE|Any CPU
		{E317E36D-3531-490C-A554-BE6900AF12FE}.Debug|Any CPU.ActiveCfg = Debug|Any CPU
		{E317E36D-3531-490C-A554-BE6900AF12FE}.Debug|Any CPU.Build.0 = Debug|Any CPU
		{E317E36D-3531-490C-A554-BE6900AF12FE}.GIFT|Any CPU.ActiveCfg = GIFT|Any CPU
		{E317E36D-3531-490C-A554-BE6900AF12FE}.GIFT|Any CPU.Build.0 = GIFT|Any CPU
		{E317E36D-3531-490C-A554-BE6900AF12FE}.TOFFEE|Any CPU.ActiveCfg = TOFFEE|Any CPU
		{E317E36D-3531-490C-A554-BE6900AF12FE}.TOFFEE|Any CPU.Build.0 = TOFFEE|Any CPU
		{3B776640-8E30-4F26-80A1-A223325F921B}.Debug|Any CPU.ActiveCfg = Debug|Any CPU
		{3B776640-8E30-4F26-80A1-A223325F921B}.Debug|Any CPU.Build.0 = Debug|Any CPU
		{3B776640-8E30-4F26-80A1-A223325F921B}.GIFT|Any CPU.ActiveCfg = GIFT|Any CPU
		{3B776640-8E30-4F26-80A1-A223325F921B}.GIFT|Any CPU.Build.0 = GIFT|Any CPU
		{3B776640-8E30-4F26-80A1-A223325F921B}.TOFFEE|Any CPU.ActiveCfg = TOFFEE|Any CPU
		{3B776640-8E30-4F26-80A1-A223325F921B}.TOFFEE|Any CPU.Build.0 = TOFFEE|Any CPU
		{74F05784-ED50-46C3-A8C2-F23D56A36D76}.Debug|Any CPU.ActiveCfg = Debug|Any CPU
		{74F05784-ED50-46C3-A8C2-F23D56A36D76}.Debug|Any CPU.Build.0 = Debug|Any CPU
		{74F05784-ED50-46C3-A8C2-F23D56A36D76}.GIFT|Any CPU.ActiveCfg = GIFT|Any CPU
		{74F05784-ED50-46C3-A8C2-F23D56A36D76}.GIFT|Any CPU.Build.0 = GIFT|Any CPU
		{74F05784-ED50-46C3-A8C2-F23D56A36D76}.TOFFEE|Any CPU.ActiveCfg = TOFFEE|Any CPU
		{74F05784-ED50-46C3-A8C2-F23D56A36D76}.TOFFEE|Any CPU.Build.0 = TOFFEE|Any CPU
		{164CD553-7D7B-4313-BE6D-0A18B81320E6}.Debug|Any CPU.ActiveCfg = Debug|Any CPU
		{164CD553-7D7B-4313-BE6D-0A18B81320E6}.Debug|Any CPU.Build.0 = Debug|Any CPU
		{164CD553-7D7B-4313-BE6D-0A18B81320E6}.GIFT|Any CPU.ActiveCfg = GIFT|Any CPU
		{164CD553-7D7B-4313-BE6D-0A18B81320E6}.GIFT|Any CPU.Build.0 = GIFT|Any CPU
		{164CD553-7D7B-4313-BE6D-0A18B81320E6}.TOFFEE|Any CPU.ActiveCfg = TOFFEE|Any CPU
		{164CD553-7D7B-4313-BE6D-0A18B81320E6}.TOFFEE|Any CPU.Build.0 = TOFFEE|Any CPU
		{83612417-2349-4D2F-B918-BE1C4BA46811}.Debug|Any CPU.ActiveCfg = Debug|Any CPU
		{83612417-2349-4D2F-B918-BE1C4BA46811}.Debug|Any CPU.Build.0 = Debug|Any CPU
		{83612417-2349-4D2F-B918-BE1C4BA46811}.GIFT|Any CPU.ActiveCfg = GIFT|Any CPU
		{83612417-2349-4D2F-B918-BE1C4BA46811}.GIFT|Any CPU.Build.0 = GIFT|Any CPU
		{83612417-2349-4D2F-B918-BE1C4BA46811}.TOFFEE|Any CPU.ActiveCfg = TOFFEE|Any CPU
		{83612417-2349-4D2F-B918-BE1C4BA46811}.TOFFEE|Any CPU.Build.0 = TOFFEE|Any CPU
		{B62831F0-1CD0-492E-88FC-69A1A1CB6E75}.Debug|Any CPU.ActiveCfg = Debug|Any CPU
		{B62831F0-1CD0-492E-88FC-69A1A1CB6E75}.Debug|Any CPU.Build.0 = Debug|Any CPU
		{B62831F0-1CD0-492E-88FC-69A1A1CB6E75}.Debug|Any CPU.Deploy.0 = Debug|Any CPU
		{B62831F0-1CD0-492E-88FC-69A1A1CB6E75}.GIFT|Any CPU.ActiveCfg = GIFT|Any CPU
		{B62831F0-1CD0-492E-88FC-69A1A1CB6E75}.GIFT|Any CPU.Build.0 = GIFT|Any CPU
		{B62831F0-1CD0-492E-88FC-69A1A1CB6E75}.GIFT|Any CPU.Deploy.0 = GIFT|Any CPU
		{B62831F0-1CD0-492E-88FC-69A1A1CB6E75}.TOFFEE|Any CPU.ActiveCfg = TOFFEE|Any CPU
		{B62831F0-1CD0-492E-88FC-69A1A1CB6E75}.TOFFEE|Any CPU.Build.0 = TOFFEE|Any CPU
		{B62831F0-1CD0-492E-88FC-69A1A1CB6E75}.TOFFEE|Any CPU.Deploy.0 = TOFFEE|Any CPU
		{FF006419-DEAA-42C1-91BE-12E851337D37}.Debug|Any CPU.ActiveCfg = Debug|Any CPU
		{FF006419-DEAA-42C1-91BE-12E851337D37}.Debug|Any CPU.Build.0 = Debug|Any CPU
		{FF006419-DEAA-42C1-91BE-12E851337D37}.GIFT|Any CPU.ActiveCfg = GIFT|Any CPU
		{FF006419-DEAA-42C1-91BE-12E851337D37}.GIFT|Any CPU.Build.0 = GIFT|Any CPU
		{FF006419-DEAA-42C1-91BE-12E851337D37}.TOFFEE|Any CPU.ActiveCfg = TOFFEE|Any CPU
		{FF006419-DEAA-42C1-91BE-12E851337D37}.TOFFEE|Any CPU.Build.0 = TOFFEE|Any CPU
		{0D00DE24-311E-441A-87D2-BE86FA53FA99}.Debug|Any CPU.ActiveCfg = Debug|Any CPU
		{0D00DE24-311E-441A-87D2-BE86FA53FA99}.Debug|Any CPU.Build.0 = Debug|Any CPU
		{0D00DE24-311E-441A-87D2-BE86FA53FA99}.GIFT|Any CPU.ActiveCfg = GIFT|Any CPU
		{0D00DE24-311E-441A-87D2-BE86FA53FA99}.GIFT|Any CPU.Build.0 = GIFT|Any CPU
		{0D00DE24-311E-441A-87D2-BE86FA53FA99}.TOFFEE|Any CPU.ActiveCfg = TOFFEE|Any CPU
		{0D00DE24-311E-441A-87D2-BE86FA53FA99}.TOFFEE|Any CPU.Build.0 = TOFFEE|Any CPU
		{7259200E-13F4-4273-9D0D-5C79ECFEB945}.Debug|Any CPU.ActiveCfg = Debug|Any CPU
		{7259200E-13F4-4273-9D0D-5C79ECFEB945}.Debug|Any CPU.Build.0 = Debug|Any CPU
		{7259200E-13F4-4273-9D0D-5C79ECFEB945}.GIFT|Any CPU.ActiveCfg = GIFT|Any CPU
		{7259200E-13F4-4273-9D0D-5C79ECFEB945}.GIFT|Any CPU.Build.0 = GIFT|Any CPU
		{7259200E-13F4-4273-9D0D-5C79ECFEB945}.TOFFEE|Any CPU.ActiveCfg = TOFFEE|Any CPU
		{7259200E-13F4-4273-9D0D-5C79ECFEB945}.TOFFEE|Any CPU.Build.0 = TOFFEE|Any CPU
		{9EC5E6AC-4D15-41CB-8820-3D9F089B8D34}.Debug|Any CPU.ActiveCfg = Debug|Any CPU
		{9EC5E6AC-4D15-41CB-8820-3D9F089B8D34}.Debug|Any CPU.Build.0 = Debug|Any CPU
		{9EC5E6AC-4D15-41CB-8820-3D9F089B8D34}.GIFT|Any CPU.ActiveCfg = GIFT|Any CPU
		{9EC5E6AC-4D15-41CB-8820-3D9F089B8D34}.GIFT|Any CPU.Build.0 = GIFT|Any CPU
		{9EC5E6AC-4D15-41CB-8820-3D9F089B8D34}.TOFFEE|Any CPU.ActiveCfg = TOFFEE|Any CPU
		{9EC5E6AC-4D15-41CB-8820-3D9F089B8D34}.TOFFEE|Any CPU.Build.0 = TOFFEE|Any CPU
		{16768581-5D6D-4055-BD85-3FCA35861BA0}.Debug|Any CPU.ActiveCfg = Debug|Any CPU
		{16768581-5D6D-4055-BD85-3FCA35861BA0}.Debug|Any CPU.Build.0 = Debug|Any CPU
		{16768581-5D6D-4055-BD85-3FCA35861BA0}.GIFT|Any CPU.ActiveCfg = GIFT|Any CPU
		{16768581-5D6D-4055-BD85-3FCA35861BA0}.GIFT|Any CPU.Build.0 = GIFT|Any CPU
		{16768581-5D6D-4055-BD85-3FCA35861BA0}.TOFFEE|Any CPU.ActiveCfg = TOFFEE|Any CPU
		{16768581-5D6D-4055-BD85-3FCA35861BA0}.TOFFEE|Any CPU.Build.0 = TOFFEE|Any CPU
		{BCFEF7D0-C5F4-436C-BCB2-FFEB432F3C23}.Debug|Any CPU.ActiveCfg = Debug|Any CPU
		{BCFEF7D0-C5F4-436C-BCB2-FFEB432F3C23}.Debug|Any CPU.Build.0 = Debug|Any CPU
		{BCFEF7D0-C5F4-436C-BCB2-FFEB432F3C23}.GIFT|Any CPU.ActiveCfg = GIFT|Any CPU
		{BCFEF7D0-C5F4-436C-BCB2-FFEB432F3C23}.GIFT|Any CPU.Build.0 = GIFT|Any CPU
		{BCFEF7D0-C5F4-436C-BCB2-FFEB432F3C23}.TOFFEE|Any CPU.ActiveCfg = TOFFEE|Any CPU
		{BCFEF7D0-C5F4-436C-BCB2-FFEB432F3C23}.TOFFEE|Any CPU.Build.0 = TOFFEE|Any CPU
		{46058408-C4F7-4DC3-82E0-6CB56E3F5850}.Debug|Any CPU.ActiveCfg = Debug|Any CPU
		{46058408-C4F7-4DC3-82E0-6CB56E3F5850}.Debug|Any CPU.Build.0 = Debug|Any CPU
		{46058408-C4F7-4DC3-82E0-6CB56E3F5850}.GIFT|Any CPU.ActiveCfg = GIFT|Any CPU
		{46058408-C4F7-4DC3-82E0-6CB56E3F5850}.GIFT|Any CPU.Build.0 = GIFT|Any CPU
		{46058408-C4F7-4DC3-82E0-6CB56E3F5850}.TOFFEE|Any CPU.ActiveCfg = TOFFEE|Any CPU
		{46058408-C4F7-4DC3-82E0-6CB56E3F5850}.TOFFEE|Any CPU.Build.0 = TOFFEE|Any CPU
		{708C3B3B-7148-4FFD-88B9-223DEBED40BF}.Debug|Any CPU.ActiveCfg = Debug|Any CPU
		{708C3B3B-7148-4FFD-88B9-223DEBED40BF}.Debug|Any CPU.Build.0 = Debug|Any CPU
		{708C3B3B-7148-4FFD-88B9-223DEBED40BF}.GIFT|Any CPU.ActiveCfg = Debug|Any CPU
		{708C3B3B-7148-4FFD-88B9-223DEBED40BF}.TOFFEE|Any CPU.ActiveCfg = Debug|Any CPU
	EndGlobalSection
	GlobalSection(SolutionProperties) = preSolution
		HideSolutionNode = FALSE
	EndGlobalSection
	GlobalSection(NestedProjects) = preSolution
		{69D7E99E-988E-4D8A-80D0-4C127AB25716} = {4C582D9E-75FA-4941-8FAC-580FA4BDF160}
		{3A99EB3B-43B8-46B3-8D52-08BF1B48FC57} = {8ABE9BB7-882E-4F5E-9834-1A34E24E9957}
		{F894EBDD-1CF7-4295-9F80-FA3825B2379C} = {8ABE9BB7-882E-4F5E-9834-1A34E24E9957}
		{D03B9590-FFA7-4221-BFE1-8E7D8E52B71D} = {01298837-3111-4CF8-A6E2-A256DE9013B1}
		{8A988BBB-18F6-4C9E-AC8B-D91D1EEF8D52} = {01298837-3111-4CF8-A6E2-A256DE9013B1}
		{8FD7292B-EA42-48CB-B014-CEEA92FB3106} = {1F39FB89-912C-446B-8C2A-B516B0B29245}
		{E317E36D-3531-490C-A554-BE6900AF12FE} = {529A3D92-C067-458B-9E75-76BCE3B0E3B1}
		{3B776640-8E30-4F26-80A1-A223325F921B} = {3723BBEB-C1A1-467C-B715-6A82FDB33EF3}
		{74F05784-ED50-46C3-A8C2-F23D56A36D76} = {4C582D9E-75FA-4941-8FAC-580FA4BDF160}
		{164CD553-7D7B-4313-BE6D-0A18B81320E6} = {4C582D9E-75FA-4941-8FAC-580FA4BDF160}
		{83612417-2349-4D2F-B918-BE1C4BA46811} = {1F39FB89-912C-446B-8C2A-B516B0B29245}
		{B62831F0-1CD0-492E-88FC-69A1A1CB6E75} = {2549CE74-28C7-4F56-8DA3-C86B43C7F959}
		{FF006419-DEAA-42C1-91BE-12E851337D37} = {1F39FB89-912C-446B-8C2A-B516B0B29245}
		{0D00DE24-311E-441A-87D2-BE86FA53FA99} = {1F39FB89-912C-446B-8C2A-B516B0B29245}
		{7259200E-13F4-4273-9D0D-5C79ECFEB945} = {1F39FB89-912C-446B-8C2A-B516B0B29245}
		{9EC5E6AC-4D15-41CB-8820-3D9F089B8D34} = {1F39FB89-912C-446B-8C2A-B516B0B29245}
		{16768581-5D6D-4055-BD85-3FCA35861BA0} = {4C582D9E-75FA-4941-8FAC-580FA4BDF160}
		{BCFEF7D0-C5F4-436C-BCB2-FFEB432F3C23} = {1F39FB89-912C-446B-8C2A-B516B0B29245}
		{46058408-C4F7-4DC3-82E0-6CB56E3F5850} = {1F39FB89-912C-446B-8C2A-B516B0B29245}
		{708C3B3B-7148-4FFD-88B9-223DEBED40BF} = {1F39FB89-912C-446B-8C2A-B516B0B29245}
	EndGlobalSection
	GlobalSection(ExtensibilityGlobals) = postSolution
		SolutionGuid = {A007F2E5-5B80-4538-86B7-4F8DB6B63B3D}
	EndGlobalSection
EndGlobal
